
Microsoft Visual Studio Solution File, Format Version 12.00
# Visual Studio Version 17
VisualStudioVersion = 17.8.34525.116
MinimumVisualStudioVersion = 10.0.40219.1
Project("{FAE04EC0-301F-11D3-BF4B-00C04F79EFBC}") = "Rom_Kir_pr_4_v2022_net_8_0", "Rom_Kir_pr_4_v2022_net_8_0\Rom_Kir_pr_4_v2022_net_8_0.csproj", "{9814FD85-33C9-49F8-B061-D449D7B506D6}"
EndProject
Global
	GlobalSection(SolutionConfigurationPlatforms) = preSolution
		Debug|Any CPU = Debug|Any CPU
		Release|Any CPU = Release|Any CPU
	EndGlobalSection
	GlobalSection(ProjectConfigurationPlatforms) = postSolution
		{9814FD85-33C9-49F8-B061-D449D7B506D6}.Debug|Any CPU.ActiveCfg = Debug|Any CPU
		{9814FD85-33C9-49F8-B061-D449D7B506D6}.Debug|Any CPU.Build.0 = Debug|Any CPU
		{9814FD85-33C9-49F8-B061-D449D7B506D6}.Release|Any CPU.ActiveCfg = Release|Any CPU
		{9814FD85-33C9-49F8-B061-D449D7B506D6}.Release|Any CPU.Build.0 = Release|Any CPU
	EndGlobalSection
	GlobalSection(SolutionProperties) = preSolution
		HideSolutionNode = FALSE
	EndGlobalSection
	GlobalSection(ExtensibilityGlobals) = postSolution
		SolutionGuid = {293735BD-9AFF-4D00-B170-24B88735CF05}
	EndGlobalSection
EndGlobal
